
Microsoft Visual Studio Solution File, Format Version 12.00
# Visual Studio Version 16
VisualStudioVersion = 16.0.31729.503
MinimumVisualStudioVersion = 10.0.40219.1
Project("{FAE04EC0-301F-11D3-BF4B-00C04F79EFBC}") = "Oil Bot", "Oil Bot\Oil Bot.csproj", "{2AE8CE2C-FB86-43C2-8342-6FDBD2A93373}"
EndProject
Global
	GlobalSection(SolutionConfigurationPlatforms) = preSolution
		Debug|Any CPU = Debug|Any CPU
		Release|Any CPU = Release|Any CPU
	EndGlobalSection
	GlobalSection(ProjectConfigurationPlatforms) = postSolution
		{2AE8CE2C-FB86-43C2-8342-6FDBD2A93373}.Debug|Any CPU.ActiveCfg = Debug|Any CPU
		{2AE8CE2C-FB86-43C2-8342-6FDBD2A93373}.Debug|Any CPU.Build.0 = Debug|Any CPU
		{2AE8CE2C-FB86-43C2-8342-6FDBD2A93373}.Release|Any CPU.ActiveCfg = Release|Any CPU
		{2AE8CE2C-FB86-43C2-8342-6FDBD2A93373}.Release|Any CPU.Build.0 = Release|Any CPU
	EndGlobalSection
	GlobalSection(SolutionProperties) = preSolution
		HideSolutionNode = FALSE
	EndGlobalSection
	GlobalSection(ExtensibilityGlobals) = postSolution
		SolutionGuid = {345C37AE-823C-4BE5-BB72-49C8C60496B5}
	EndGlobalSection
EndGlobal
